PODS:
  - Alamofire (4.6.0)
  - FLAnimatedImage (1.0.12)
  - ReachabilitySwift (4.1.0)
  - RxCocoa (4.0.0):
    - RxSwift (~> 4.0)
  - RxSwift (4.0.0)
  - SDWebImage (4.2.2):
    - SDWebImage/Core (= 4.2.2)
  - SDWebImage/Core (4.2.2)
  - SDWebImage/GIF (4.2.2):
    - FLAnimatedImage (~> 1.0)
    - SDWebImage/Core
  - SVProgressHUD (2.2.2)

DEPENDENCIES:
  - Alamofire (~> 4.6)
  - ReachabilitySwift
  - RxCocoa (~> 4.0)
  - RxSwift (~> 4.0)
  - SDWebImage (~> 4.0)
  - SDWebImage/GIF
  - SVProgressHUD

SPEC CHECKSUMS:
  Alamofire: f41a599bd63041760b26d393ec1069d9d7b917f4
  FLAnimatedImage: 4a0b56255d9b05f18b6dd7ee06871be5d3b89e31
  ReachabilitySwift: 6849231cd4e06559f3b9ef4a97a0a0f96d41e09f
  RxCocoa: d62846ca96495d862fa4c59ea7d87e5031d7340e
  RxSwift: fd680d75283beb5e2559486f3c0ff852f0d35334
  SDWebImage: 89a9d32cd520bbb46eb14e541d5109b3564af198
  SVProgressHUD: 59b2d3dabacbd051576d21d32293ca7228dc18b0

PODFILE CHECKSUM: 765c2a3577b3ca80f4bfa8ec97357332f4aa5cd1

COCOAPODS: 1.3.1
